
Microsoft Visual Studio Solution File, Format Version 12.00
# Visual Studio Version 17
VisualStudioVersion = 17.0.31611.283
MinimumVisualStudioVersion = 10.0.40219.1
Project("{9A19103F-16F7-4668-BE54-9A1E7A4F7556}") = "CoffeeSpace.ProductApi", "CoffeeSpace.ProductApi\CoffeeSpace.ProductApi.csproj", "{03065897-727D-44D5-A3AB-B934A24F0449}"
EndProject
Project("{2150E333-8FDC-42A3-9474-1A3956D46DE8}") = "Solution Items", "Solution Items", "{F0F6EF50-DFB7-4CE1-9493-01A59912B087}"
	ProjectSection(SolutionItems) = preProject
		docker-compose.yml = docker-compose.yml
	EndProjectSection
EndProject
Project("{9A19103F-16F7-4668-BE54-9A1E7A4F7556}") = "CoffeeSpace.Messages", "CoffeeSpace.Messages\CoffeeSpace.Messages.csproj", "{465BBFE7-CE95-4ECE-952F-1126A558C4FF}"
EndProject
Project("{9A19103F-16F7-4668-BE54-9A1E7A4F7556}") = "CoffeeSpace.Domain", "CoffeeSpace.Domain\CoffeeSpace.Domain.csproj", "{DF2E6168-2CC1-42A7-9304-5DD8C2F6A5DD}"
EndProject
Project("{9A19103F-16F7-4668-BE54-9A1E7A4F7556}") = "CoffeeSpace.PaymentService", "CoffeeSpace.PaymentService\CoffeeSpace.PaymentService.csproj", "{FBB32C90-3105-499D-B025-13ED99FE7158}"
EndProject
Project("{9A19103F-16F7-4668-BE54-9A1E7A4F7556}") = "CoffeeSpace.ShipmentService", "CoffeeSpace.ShipmentService\CoffeeSpace.ShipmentService.csproj", "{699980BE-4241-4483-8F42-FD127D482593}"
EndProject
Project("{9A19103F-16F7-4668-BE54-9A1E7A4F7556}") = "CoffeeSpace.IdentityApi", "CoffeeSpace.IdentityApi\CoffeeSpace.IdentityApi.csproj", "{2CA433A2-20F6-4F85-9D22-24F2365B2B51}"
EndProject
Project("{9A19103F-16F7-4668-BE54-9A1E7A4F7556}") = "CoffeeSpace.ApiGateway", "CoffeeSpace.ApiGateway\CoffeeSpace.ApiGateway.csproj", "{EC6FF23D-2A37-47F6-9C14-9B353B451F8B}"
EndProject
Project("{9A19103F-16F7-4668-BE54-9A1E7A4F7556}") = "CoffeeSpace.Shared", "CoffeeSpace.Shared\CoffeeSpace.Shared.csproj", "{3CF2DB2B-1445-4F1F-9A8B-D7195F72B685}"
EndProject
Project("{9A19103F-16F7-4668-BE54-9A1E7A4F7556}") = "CoffeeSpace.OrderingApi", "CoffeeSpace.OrderingApi\CoffeeSpace.OrderingApi.csproj", "{C2EE61A8-FEDC-4B0C-A42C-A9851E668722}"
EndProject
Project("{2150E333-8FDC-42A3-9474-1A3956D46DE8}") = "tests", "tests", "{769DECC0-73E6-47E7-9F33-3325C5367645}"
EndProject
Project("{2150E333-8FDC-42A3-9474-1A3956D46DE8}") = "Unit Tests", "Unit Tests", "{CDBBD9D2-DE60-4A1F-B584-033AED1F4B34}"
EndProject
Project("{9A19103F-16F7-4668-BE54-9A1E7A4F7556}") = "CoffeeSpace.IdentityApi.Tests", "tests\Unit Tests\CoffeeSpace.IdentityApi.Tests\CoffeeSpace.IdentityApi.Tests.csproj", "{30F0E312-A3A0-45C1-88CE-8B134B988DBA}"
EndProject
Project("{9A19103F-16F7-4668-BE54-9A1E7A4F7556}") = "CoffeeSpace.OrderingApi.Tests", "tests\Unit Tests\CoffeeSpace.OrderingApi.Tests\CoffeeSpace.OrderingApi.Tests.csproj", "{8DA27559-8319-4EB6-9E04-E801560E55E4}"
EndProject
Project("{9A19103F-16F7-4668-BE54-9A1E7A4F7556}") = "CoffeeSpace.PaymentService.Tests", "tests\Unit Tests\CoffeeSpace.PaymentService.Tests\CoffeeSpace.PaymentService.Tests.csproj", "{F0E6971C-39AB-4D12-9D43-1E3A753E2CC6}"
EndProject
Project("{9A19103F-16F7-4668-BE54-9A1E7A4F7556}") = "CoffeeSpace.ProductApi.Tests", "tests\Unit Tests\CoffeeSpace.ProductApi.Tests\CoffeeSpace.ProductApi.Tests.csproj", "{6538A27F-7D2C-4434-8296-7A078489C04E}"
EndProject
Project("{9A19103F-16F7-4668-BE54-9A1E7A4F7556}") = "CoffeeSpace.ShipmentService.Tests", "tests\Unit Tests\CoffeeSpace.ShipmentService.Tests\CoffeeSpace.ShipmentService.Tests.csproj", "{91DBCB2F-3849-4978-80A4-5C8DB182D420}"
EndProject
Project("{2150E333-8FDC-42A3-9474-1A3956D46DE8}") = "Integration Tests", "Integration Tests", "{43BB0175-63D0-4819-8515-5A9577A61904}"
EndProject
Project("{9A19103F-16F7-4668-BE54-9A1E7A4F7556}") = "CoffeeSpace.ProductApi.Tests.Integration", "tests\Integration Tests\CoffeeSpace.ProductApi.Tests.Integration\CoffeeSpace.ProductApi.Tests.Integration.csproj", "{3E2886AA-62CE-4148-8C7D-E671EB27F2F7}"
EndProject
Project("{9A19103F-16F7-4668-BE54-9A1E7A4F7556}") = "CoffeeSpace.OrderingApi.Tests.Integration", "tests\Integration Tests\CoffeeSpace.OrderingApi.Tests.Integration\CoffeeSpace.OrderingApi.Tests.Integration.csproj", "{6F35F93E-B68B-4323-A991-87F1D2F496BF}"
EndProject
Project("{9A19103F-16F7-4668-BE54-9A1E7A4F7556}") = "CoffeeSpace.IdentityApi.Tests.Integration", "tests\Integration Tests\CoffeeSpace.IdentityApi.Tests.Integration\CoffeeSpace.IdentityApi.Tests.Integration.csproj", "{22B29BA7-B8A8-40E4-AAC2-A1C491B69592}"
EndProject
Project("{2150E333-8FDC-42A3-9474-1A3956D46DE8}") = "Load Tests", "Load Tests", "{FC464C4B-B358-4E77-BDE6-808C414252CA}"
EndProject
Project("{2150E333-8FDC-42A3-9474-1A3956D46DE8}") = "Ordering Api", "Ordering Api", "{8D2696C6-9528-4344-B926-5604CB7459AE}"
	ProjectSection(SolutionItems) = preProject
		tests\Load Tests\Ordering Api\load_test.js = tests\Load Tests\Ordering Api\load_test.js
		tests\Load Tests\Ordering Api\soak-test.js = tests\Load Tests\Ordering Api\soak-test.js
		tests\Load Tests\Ordering Api\spike_test.js = tests\Load Tests\Ordering Api\spike_test.js
		tests\Load Tests\Ordering Api\stress_test.js = tests\Load Tests\Ordering Api\stress_test.js
	EndProjectSection
EndProject
Project("{2150E333-8FDC-42A3-9474-1A3956D46DE8}") = "Products Api", "Products Api", "{5CBE07CC-825F-4C3F-B52A-FEC33B065B4C}"
	ProjectSection(SolutionItems) = preProject
		tests\Load Tests\Product Api\load_test.js = tests\Load Tests\Product Api\load_test.js
		tests\Load Tests\Product Api\soak-test.js = tests\Load Tests\Product Api\soak-test.js
		tests\Load Tests\Product Api\spike_test.js = tests\Load Tests\Product Api\spike_test.js
		tests\Load Tests\Product Api\stress_test.js = tests\Load Tests\Product Api\stress_test.js
	EndProjectSection
EndProject
Project("{2150E333-8FDC-42A3-9474-1A3956D46DE8}") = "Acceptance Tests", "Acceptance Tests", "{8FC8A6F7-7A9B-440C-B9B7-2F998EA78DDB}"
EndProject
Project("{FAE04EC0-301F-11D3-BF4B-00C04F79EFBC}") = "CoffeeSpace.ProductApi.Tests.Acceptance", "tests\Acceptance Tests\CoffeeSpace.ProductApi.Tests.Acceptance\CoffeeSpace.ProductApi.Tests.Acceptance.csproj", "{E2F20195-E24D-44DA-896C-CDBEF7BA1868}"
EndProject
Project("{FAE04EC0-301F-11D3-BF4B-00C04F79EFBC}") = "CoffeeSpace.OrderingApi.Tests.Acceptance", "tests\Acceptance Tests\CoffeeSpace.OrderingApi.Tests.Acceptance\CoffeeSpace.OrderingApi.Tests.Acceptance.csproj", "{B8F39595-6AE2-4D5C-976F-EE9BBF8E03A3}"
EndProject
Project("{FAE04EC0-301F-11D3-BF4B-00C04F79EFBC}") = "CoffeeSpace.IdentityApi.Tests.Acceptance", "tests\Acceptance Tests\CoffeeSpace.IdentityApi.Tests.Acceptance\CoffeeSpace.IdentityApi.Tests.Acceptance.csproj", "{3BC16607-1D7D-4091-A4E3-90E9E2BA2278}"
EndProject
Project("{FAE04EC0-301F-11D3-BF4B-00C04F79EFBC}") = "CoffeeSpace.AClient", "CoffeeSpace.AClient\CoffeeSpace.AClient.csproj", "{3B79308F-801F-4405-88EF-3D1A8F75F90B}"
EndProject
Global
	GlobalSection(SolutionConfigurationPlatforms) = preSolution
		Debug|Any CPU = Debug|Any CPU
		Release|Any CPU = Release|Any CPU
	EndGlobalSection
	GlobalSection(ProjectConfigurationPlatforms) = postSolution
		{03065897-727D-44D5-A3AB-B934A24F0449}.Debug|Any CPU.ActiveCfg = Debug|Any CPU
		{03065897-727D-44D5-A3AB-B934A24F0449}.Debug|Any CPU.Build.0 = Debug|Any CPU
		{03065897-727D-44D5-A3AB-B934A24F0449}.Release|Any CPU.ActiveCfg = Release|Any CPU
		{03065897-727D-44D5-A3AB-B934A24F0449}.Release|Any CPU.Build.0 = Release|Any CPU
		{465BBFE7-CE95-4ECE-952F-1126A558C4FF}.Debug|Any CPU.ActiveCfg = Debug|Any CPU
		{465BBFE7-CE95-4ECE-952F-1126A558C4FF}.Debug|Any CPU.Build.0 = Debug|Any CPU
		{465BBFE7-CE95-4ECE-952F-1126A558C4FF}.Release|Any CPU.ActiveCfg = Release|Any CPU
		{465BBFE7-CE95-4ECE-952F-1126A558C4FF}.Release|Any CPU.Build.0 = Release|Any CPU
		{DF2E6168-2CC1-42A7-9304-5DD8C2F6A5DD}.Debug|Any CPU.ActiveCfg = Debug|Any CPU
		{DF2E6168-2CC1-42A7-9304-5DD8C2F6A5DD}.Debug|Any CPU.Build.0 = Debug|Any CPU
		{DF2E6168-2CC1-42A7-9304-5DD8C2F6A5DD}.Release|Any CPU.ActiveCfg = Release|Any CPU
		{DF2E6168-2CC1-42A7-9304-5DD8C2F6A5DD}.Release|Any CPU.Build.0 = Release|Any CPU
		{FBB32C90-3105-499D-B025-13ED99FE7158}.Debug|Any CPU.ActiveCfg = Debug|Any CPU
		{FBB32C90-3105-499D-B025-13ED99FE7158}.Debug|Any CPU.Build.0 = Debug|Any CPU
		{FBB32C90-3105-499D-B025-13ED99FE7158}.Release|Any CPU.ActiveCfg = Release|Any CPU
		{FBB32C90-3105-499D-B025-13ED99FE7158}.Release|Any CPU.Build.0 = Release|Any CPU
		{699980BE-4241-4483-8F42-FD127D482593}.Debug|Any CPU.ActiveCfg = Debug|Any CPU
		{699980BE-4241-4483-8F42-FD127D482593}.Debug|Any CPU.Build.0 = Debug|Any CPU
		{699980BE-4241-4483-8F42-FD127D482593}.Release|Any CPU.ActiveCfg = Release|Any CPU
		{699980BE-4241-4483-8F42-FD127D482593}.Release|Any CPU.Build.0 = Release|Any CPU
		{2CA433A2-20F6-4F85-9D22-24F2365B2B51}.Debug|Any CPU.ActiveCfg = Debug|Any CPU
		{2CA433A2-20F6-4F85-9D22-24F2365B2B51}.Debug|Any CPU.Build.0 = Debug|Any CPU
		{2CA433A2-20F6-4F85-9D22-24F2365B2B51}.Release|Any CPU.ActiveCfg = Release|Any CPU
		{2CA433A2-20F6-4F85-9D22-24F2365B2B51}.Release|Any CPU.Build.0 = Release|Any CPU
		{EC6FF23D-2A37-47F6-9C14-9B353B451F8B}.Debug|Any CPU.ActiveCfg = Debug|Any CPU
		{EC6FF23D-2A37-47F6-9C14-9B353B451F8B}.Debug|Any CPU.Build.0 = Debug|Any CPU
		{EC6FF23D-2A37-47F6-9C14-9B353B451F8B}.Release|Any CPU.ActiveCfg = Release|Any CPU
		{EC6FF23D-2A37-47F6-9C14-9B353B451F8B}.Release|Any CPU.Build.0 = Release|Any CPU
		{3CF2DB2B-1445-4F1F-9A8B-D7195F72B685}.Debug|Any CPU.ActiveCfg = Debug|Any CPU
		{3CF2DB2B-1445-4F1F-9A8B-D7195F72B685}.Debug|Any CPU.Build.0 = Debug|Any CPU
		{3CF2DB2B-1445-4F1F-9A8B-D7195F72B685}.Release|Any CPU.ActiveCfg = Release|Any CPU
		{3CF2DB2B-1445-4F1F-9A8B-D7195F72B685}.Release|Any CPU.Build.0 = Release|Any CPU
		{C2EE61A8-FEDC-4B0C-A42C-A9851E668722}.Debug|Any CPU.ActiveCfg = Debug|Any CPU
		{C2EE61A8-FEDC-4B0C-A42C-A9851E668722}.Debug|Any CPU.Build.0 = Debug|Any CPU
		{C2EE61A8-FEDC-4B0C-A42C-A9851E668722}.Release|Any CPU.ActiveCfg = Release|Any CPU
		{C2EE61A8-FEDC-4B0C-A42C-A9851E668722}.Release|Any CPU.Build.0 = Release|Any CPU
		{30F0E312-A3A0-45C1-88CE-8B134B988DBA}.Debug|Any CPU.ActiveCfg = Debug|Any CPU
		{30F0E312-A3A0-45C1-88CE-8B134B988DBA}.Debug|Any CPU.Build.0 = Debug|Any CPU
		{30F0E312-A3A0-45C1-88CE-8B134B988DBA}.Release|Any CPU.ActiveCfg = Release|Any CPU
		{30F0E312-A3A0-45C1-88CE-8B134B988DBA}.Release|Any CPU.Build.0 = Release|Any CPU
		{8DA27559-8319-4EB6-9E04-E801560E55E4}.Debug|Any CPU.ActiveCfg = Debug|Any CPU
		{8DA27559-8319-4EB6-9E04-E801560E55E4}.Debug|Any CPU.Build.0 = Debug|Any CPU
		{8DA27559-8319-4EB6-9E04-E801560E55E4}.Release|Any CPU.ActiveCfg = Release|Any CPU
		{8DA27559-8319-4EB6-9E04-E801560E55E4}.Release|Any CPU.Build.0 = Release|Any CPU
		{F0E6971C-39AB-4D12-9D43-1E3A753E2CC6}.Debug|Any CPU.ActiveCfg = Debug|Any CPU
		{F0E6971C-39AB-4D12-9D43-1E3A753E2CC6}.Debug|Any CPU.Build.0 = Debug|Any CPU
		{F0E6971C-39AB-4D12-9D43-1E3A753E2CC6}.Release|Any CPU.ActiveCfg = Release|Any CPU
		{F0E6971C-39AB-4D12-9D43-1E3A753E2CC6}.Release|Any CPU.Build.0 = Release|Any CPU
		{6538A27F-7D2C-4434-8296-7A078489C04E}.Debug|Any CPU.ActiveCfg = Debug|Any CPU
		{6538A27F-7D2C-4434-8296-7A078489C04E}.Debug|Any CPU.Build.0 = Debug|Any CPU
		{6538A27F-7D2C-4434-8296-7A078489C04E}.Release|Any CPU.ActiveCfg = Release|Any CPU
		{6538A27F-7D2C-4434-8296-7A078489C04E}.Release|Any CPU.Build.0 = Release|Any CPU
		{91DBCB2F-3849-4978-80A4-5C8DB182D420}.Debug|Any CPU.ActiveCfg = Debug|Any CPU
		{91DBCB2F-3849-4978-80A4-5C8DB182D420}.Debug|Any CPU.Build.0 = Debug|Any CPU
		{91DBCB2F-3849-4978-80A4-5C8DB182D420}.Release|Any CPU.ActiveCfg = Release|Any CPU
		{91DBCB2F-3849-4978-80A4-5C8DB182D420}.Release|Any CPU.Build.0 = Release|Any CPU
		{3E2886AA-62CE-4148-8C7D-E671EB27F2F7}.Debug|Any CPU.ActiveCfg = Debug|Any CPU
		{3E2886AA-62CE-4148-8C7D-E671EB27F2F7}.Debug|Any CPU.Build.0 = Debug|Any CPU
		{3E2886AA-62CE-4148-8C7D-E671EB27F2F7}.Release|Any CPU.ActiveCfg = Release|Any CPU
		{3E2886AA-62CE-4148-8C7D-E671EB27F2F7}.Release|Any CPU.Build.0 = Release|Any CPU
		{6F35F93E-B68B-4323-A991-87F1D2F496BF}.Debug|Any CPU.ActiveCfg = Debug|Any CPU
		{6F35F93E-B68B-4323-A991-87F1D2F496BF}.Debug|Any CPU.Build.0 = Debug|Any CPU
		{6F35F93E-B68B-4323-A991-87F1D2F496BF}.Release|Any CPU.ActiveCfg = Release|Any CPU
		{6F35F93E-B68B-4323-A991-87F1D2F496BF}.Release|Any CPU.Build.0 = Release|Any CPU
		{22B29BA7-B8A8-40E4-AAC2-A1C491B69592}.Debug|Any CPU.ActiveCfg = Debug|Any CPU
		{22B29BA7-B8A8-40E4-AAC2-A1C491B69592}.Debug|Any CPU.Build.0 = Debug|Any CPU
		{22B29BA7-B8A8-40E4-AAC2-A1C491B69592}.Release|Any CPU.ActiveCfg = Release|Any CPU
		{22B29BA7-B8A8-40E4-AAC2-A1C491B69592}.Release|Any CPU.Build.0 = Release|Any CPU
		{E2F20195-E24D-44DA-896C-CDBEF7BA1868}.Debug|Any CPU.ActiveCfg = Debug|Any CPU
		{E2F20195-E24D-44DA-896C-CDBEF7BA1868}.Debug|Any CPU.Build.0 = Debug|Any CPU
		{E2F20195-E24D-44DA-896C-CDBEF7BA1868}.Release|Any CPU.ActiveCfg = Release|Any CPU
		{E2F20195-E24D-44DA-896C-CDBEF7BA1868}.Release|Any CPU.Build.0 = Release|Any CPU
		{B8F39595-6AE2-4D5C-976F-EE9BBF8E03A3}.Debug|Any CPU.ActiveCfg = Debug|Any CPU
		{B8F39595-6AE2-4D5C-976F-EE9BBF8E03A3}.Debug|Any CPU.Build.0 = Debug|Any CPU
		{B8F39595-6AE2-4D5C-976F-EE9BBF8E03A3}.Release|Any CPU.ActiveCfg = Release|Any CPU
		{B8F39595-6AE2-4D5C-976F-EE9BBF8E03A3}.Release|Any CPU.Build.0 = Release|Any CPU
		{3BC16607-1D7D-4091-A4E3-90E9E2BA2278}.Debug|Any CPU.ActiveCfg = Debug|Any CPU
		{3BC16607-1D7D-4091-A4E3-90E9E2BA2278}.Debug|Any CPU.Build.0 = Debug|Any CPU
		{3BC16607-1D7D-4091-A4E3-90E9E2BA2278}.Release|Any CPU.ActiveCfg = Release|Any CPU
		{3BC16607-1D7D-4091-A4E3-90E9E2BA2278}.Release|Any CPU.Build.0 = Release|Any CPU
		{3B79308F-801F-4405-88EF-3D1A8F75F90B}.Debug|Any CPU.ActiveCfg = Debug|Any CPU
		{3B79308F-801F-4405-88EF-3D1A8F75F90B}.Debug|Any CPU.Build.0 = Debug|Any CPU
		{3B79308F-801F-4405-88EF-3D1A8F75F90B}.Release|Any CPU.ActiveCfg = Release|Any CPU
		{3B79308F-801F-4405-88EF-3D1A8F75F90B}.Release|Any CPU.Build.0 = Release|Any CPU
	EndGlobalSection
	GlobalSection(SolutionProperties) = preSolution
		HideSolutionNode = FALSE
	EndGlobalSection
	GlobalSection(NestedProjects) = preSolution
		{CDBBD9D2-DE60-4A1F-B584-033AED1F4B34} = {769DECC0-73E6-47E7-9F33-3325C5367645}
		{30F0E312-A3A0-45C1-88CE-8B134B988DBA} = {CDBBD9D2-DE60-4A1F-B584-033AED1F4B34}
		{8DA27559-8319-4EB6-9E04-E801560E55E4} = {CDBBD9D2-DE60-4A1F-B584-033AED1F4B34}
		{F0E6971C-39AB-4D12-9D43-1E3A753E2CC6} = {CDBBD9D2-DE60-4A1F-B584-033AED1F4B34}
		{6538A27F-7D2C-4434-8296-7A078489C04E} = {CDBBD9D2-DE60-4A1F-B584-033AED1F4B34}
		{91DBCB2F-3849-4978-80A4-5C8DB182D420} = {CDBBD9D2-DE60-4A1F-B584-033AED1F4B34}
		{43BB0175-63D0-4819-8515-5A9577A61904} = {769DECC0-73E6-47E7-9F33-3325C5367645}
		{3E2886AA-62CE-4148-8C7D-E671EB27F2F7} = {43BB0175-63D0-4819-8515-5A9577A61904}
		{6F35F93E-B68B-4323-A991-87F1D2F496BF} = {43BB0175-63D0-4819-8515-5A9577A61904}
		{22B29BA7-B8A8-40E4-AAC2-A1C491B69592} = {43BB0175-63D0-4819-8515-5A9577A61904}
		{FC464C4B-B358-4E77-BDE6-808C414252CA} = {769DECC0-73E6-47E7-9F33-3325C5367645}
		{8D2696C6-9528-4344-B926-5604CB7459AE} = {FC464C4B-B358-4E77-BDE6-808C414252CA}
		{5CBE07CC-825F-4C3F-B52A-FEC33B065B4C} = {FC464C4B-B358-4E77-BDE6-808C414252CA}
		{8FC8A6F7-7A9B-440C-B9B7-2F998EA78DDB} = {769DECC0-73E6-47E7-9F33-3325C5367645}
		{E2F20195-E24D-44DA-896C-CDBEF7BA1868} = {8FC8A6F7-7A9B-440C-B9B7-2F998EA78DDB}
		{B8F39595-6AE2-4D5C-976F-EE9BBF8E03A3} = {8FC8A6F7-7A9B-440C-B9B7-2F998EA78DDB}
		{3BC16607-1D7D-4091-A4E3-90E9E2BA2278} = {8FC8A6F7-7A9B-440C-B9B7-2F998EA78DDB}
	EndGlobalSection
	GlobalSection(ExtensibilityGlobals) = postSolution
		SolutionGuid = {61F7FB11-1E47-470C-91E2-47F8143E1572}
	EndGlobalSection
EndGlobal
