
Microsoft Visual Studio Solution File, Format Version 12.00
# Visual Studio Version 17
VisualStudioVersion = 17.0.31611.283
MinimumVisualStudioVersion = 10.0.40219.1
Project("{9A19103F-16F7-4668-BE54-9A1E7A4F7556}") = "CoffeeSpace", "CoffeeSpace\CoffeeSpace.csproj", "{A8786B67-7E2B-46FC-BF49-712F36112F61}"
EndProject
Project("{FAE04EC0-301F-11D3-BF4B-00C04F79EFBC}") = "CoffeeSpace.Application", "CoffeeSpace.Application\CoffeeSpace.Application.csproj", "{22294E0E-207B-499C-A5B9-4AE731F8D415}"
EndProject
Project("{FAE04EC0-301F-11D3-BF4B-00C04F79EFBC}") = "CoffeeSpace.Domain", "CoffeeSpace.Domain\CoffeeSpace.Domain.csproj", "{632EFEBE-447C-4BC4-B9CE-22D4E048C864}"
EndProject
Project("{FAE04EC0-301F-11D3-BF4B-00C04F79EFBC}") = "CoffeeSpace.Infrastructure", "CoffeeSpace.Infrastructure\CoffeeSpace.Infrastructure.csproj", "{0438095E-4BA2-4F2F-8BCD-FA505D882F2D}"
EndProject
Global
	GlobalSection(SolutionConfigurationPlatforms) = preSolution
		Debug|Any CPU = Debug|Any CPU
		Release|Any CPU = Release|Any CPU
	EndGlobalSection
	GlobalSection(ProjectConfigurationPlatforms) = postSolution
		{A8786B67-7E2B-46FC-BF49-712F36112F61}.Debug|Any CPU.ActiveCfg = Debug|Any CPU
		{A8786B67-7E2B-46FC-BF49-712F36112F61}.Debug|Any CPU.Build.0 = Debug|Any CPU
		{A8786B67-7E2B-46FC-BF49-712F36112F61}.Debug|Any CPU.Deploy.0 = Debug|Any CPU
		{A8786B67-7E2B-46FC-BF49-712F36112F61}.Release|Any CPU.ActiveCfg = Release|Any CPU
		{A8786B67-7E2B-46FC-BF49-712F36112F61}.Release|Any CPU.Build.0 = Release|Any CPU
		{A8786B67-7E2B-46FC-BF49-712F36112F61}.Release|Any CPU.Deploy.0 = Release|Any CPU
		{22294E0E-207B-499C-A5B9-4AE731F8D415}.Debug|Any CPU.ActiveCfg = Debug|Any CPU
		{22294E0E-207B-499C-A5B9-4AE731F8D415}.Debug|Any CPU.Build.0 = Debug|Any CPU
		{22294E0E-207B-499C-A5B9-4AE731F8D415}.Release|Any CPU.ActiveCfg = Release|Any CPU
		{22294E0E-207B-499C-A5B9-4AE731F8D415}.Release|Any CPU.Build.0 = Release|Any CPU
		{632EFEBE-447C-4BC4-B9CE-22D4E048C864}.Debug|Any CPU.ActiveCfg = Debug|Any CPU
		{632EFEBE-447C-4BC4-B9CE-22D4E048C864}.Debug|Any CPU.Build.0 = Debug|Any CPU
		{632EFEBE-447C-4BC4-B9CE-22D4E048C864}.Release|Any CPU.ActiveCfg = Release|Any CPU
		{632EFEBE-447C-4BC4-B9CE-22D4E048C864}.Release|Any CPU.Build.0 = Release|Any CPU
		{0438095E-4BA2-4F2F-8BCD-FA505D882F2D}.Debug|Any CPU.ActiveCfg = Debug|Any CPU
		{0438095E-4BA2-4F2F-8BCD-FA505D882F2D}.Debug|Any CPU.Build.0 = Debug|Any CPU
		{0438095E-4BA2-4F2F-8BCD-FA505D882F2D}.Release|Any CPU.ActiveCfg = Release|Any CPU
		{0438095E-4BA2-4F2F-8BCD-FA505D882F2D}.Release|Any CPU.Build.0 = Release|Any CPU
	EndGlobalSection
	GlobalSection(SolutionProperties) = preSolution
		HideSolutionNode = FALSE
	EndGlobalSection
	GlobalSection(ExtensibilityGlobals) = postSolution
		SolutionGuid = {61F7FB11-1E47-470C-91E2-47F8143E1572}
	EndGlobalSection
EndGlobal
